
Microsoft Visual Studio Solution File, Format Version 12.00
# Visual Studio Version 17
VisualStudioVersion = 17.3.32825.248
MinimumVisualStudioVersion = 10.0.40219.1
Project("{FAE04EC0-301F-11D3-BF4B-00C04F79EFBC}") = "ConsoleApp11", "ConsoleApp11\ConsoleApp11.csproj", "{7AED0121-0208-43B2-817F-0CA6D8094709}"
EndProject
Project("{FAE04EC0-301F-11D3-BF4B-00C04F79EFBC}") = "ConsoleApp1", "ConsoleApp1\ConsoleApp1.csproj", "{E6F9ABA4-6FAE-45FA-9094-9C63DB296106}"
EndProject
Global
	GlobalSection(SolutionConfigurationPlatforms) = preSolution
		Debug|Any CPU = Debug|Any CPU
		Release|Any CPU = Release|Any CPU
	EndGlobalSection
	GlobalSection(ProjectConfigurationPlatforms) = postSolution
		{7AED0121-0208-43B2-817F-0CA6D8094709}.Debug|Any CPU.ActiveCfg = Debug|Any CPU
		{7AED0121-0208-43B2-817F-0CA6D8094709}.Debug|Any CPU.Build.0 = Debug|Any CPU
		{7AED0121-0208-43B2-817F-0CA6D8094709}.Release|Any CPU.ActiveCfg = Release|Any CPU
		{7AED0121-0208-43B2-817F-0CA6D8094709}.Release|Any CPU.Build.0 = Release|Any CPU
		{E6F9ABA4-6FAE-45FA-9094-9C63DB296106}.Debug|Any CPU.ActiveCfg = Debug|Any CPU
		{E6F9ABA4-6FAE-45FA-9094-9C63DB296106}.Debug|Any CPU.Build.0 = Debug|Any CPU
		{E6F9ABA4-6FAE-45FA-9094-9C63DB296106}.Release|Any CPU.ActiveCfg = Release|Any CPU
		{E6F9ABA4-6FAE-45FA-9094-9C63DB296106}.Release|Any CPU.Build.0 = Release|Any CPU
	EndGlobalSection
	GlobalSection(SolutionProperties) = preSolution
		HideSolutionNode = FALSE
	EndGlobalSection
	GlobalSection(ExtensibilityGlobals) = postSolution
		SolutionGuid = {0F95FEB1-813C-447D-81A3-BC3200BAB433}
	EndGlobalSection
EndGlobal
